
Microsoft Visual Studio Solution File, Format Version 12.00
# Visual Studio Version 17
VisualStudioVersion = 17.14.36518.9 d17.14
MinimumVisualStudioVersion = 10.0.40219.1
Project("{FAE04EC0-301F-11D3-BF4B-00C04F79EFBC}") = "SAI_LR1", "SAI_LR1\SAI_LR1.csproj", "{D318A31B-B380-43A1-8738-DB2C01078978}"
EndProject
Global
	GlobalSection(SolutionConfigurationPlatforms) = preSolution
		Debug|Any CPU = Debug|Any CPU
		Release|Any CPU = Release|Any CPU
	EndGlobalSection
	GlobalSection(ProjectConfigurationPlatforms) = postSolution
		{D318A31B-B380-43A1-8738-DB2C01078978}.Debug|Any CPU.ActiveCfg = Debug|Any CPU
		{D318A31B-B380-43A1-8738-DB2C01078978}.Debug|Any CPU.Build.0 = Debug|Any CPU
		{D318A31B-B380-43A1-8738-DB2C01078978}.Release|Any CPU.ActiveCfg = Release|Any CPU
		{D318A31B-B380-43A1-8738-DB2C01078978}.Release|Any CPU.Build.0 = Release|Any CPU
	EndGlobalSection
	GlobalSection(SolutionProperties) = preSolution
		HideSolutionNode = FALSE
	EndGlobalSection
	GlobalSection(ExtensibilityGlobals) = postSolution
		SolutionGuid = {4E13AA4B-F5E3-498E-9E19-32CA3B5F4CDC}
	EndGlobalSection
EndGlobal
